
Microsoft Visual Studio Solution File, Format Version 12.00
# Visual Studio Version 17
VisualStudioVersion = 17.11.35312.102
MinimumVisualStudioVersion = 10.0.40219.1
Project("{FAE04EC0-301F-11D3-BF4B-00C04F79EFBC}") = "Server", "Server\Server.csproj", "{90E0F3E6-3A2D-43D4-A8B9-B8E507527874}"
EndProject
Project("{FAE04EC0-301F-11D3-BF4B-00C04F79EFBC}") = "Client", "Client\Client.csproj", "{D70E8FDE-A5A8-418F-BA6B-B94E42F78058}"
EndProject
Project("{FAE04EC0-301F-11D3-BF4B-00C04F79EFBC}") = "BaseLibrary", "BaseLibrary\BaseLibrary.csproj", "{8370A39D-6D4F-4322-8FC3-42694EB73175}"
EndProject
Project("{FAE04EC0-301F-11D3-BF4B-00C04F79EFBC}") = "ClientLibrary", "ClientLibrary\ClientLibrary.csproj", "{F3341285-59A3-4E80-80B5-00D51B2DD8DB}"
EndProject
Project("{FAE04EC0-301F-11D3-BF4B-00C04F79EFBC}") = "ServerLibrary", "ServerLibrary\ServerLibrary.csproj", "{4E6F8742-77C4-4E42-ABC6-0A9A47A1D646}"
EndProject
Global
	GlobalSection(SolutionConfigurationPlatforms) = preSolution
		Debug|Any CPU = Debug|Any CPU
		Release|Any CPU = Release|Any CPU
	EndGlobalSection
	GlobalSection(ProjectConfigurationPlatforms) = postSolution
		{90E0F3E6-3A2D-43D4-A8B9-B8E507527874}.Debug|Any CPU.ActiveCfg = Debug|Any CPU
		{90E0F3E6-3A2D-43D4-A8B9-B8E507527874}.Debug|Any CPU.Build.0 = Debug|Any CPU
		{90E0F3E6-3A2D-43D4-A8B9-B8E507527874}.Release|Any CPU.ActiveCfg = Release|Any CPU
		{90E0F3E6-3A2D-43D4-A8B9-B8E507527874}.Release|Any CPU.Build.0 = Release|Any CPU
		{D70E8FDE-A5A8-418F-BA6B-B94E42F78058}.Debug|Any CPU.ActiveCfg = Debug|Any CPU
		{D70E8FDE-A5A8-418F-BA6B-B94E42F78058}.Debug|Any CPU.Build.0 = Debug|Any CPU
		{D70E8FDE-A5A8-418F-BA6B-B94E42F78058}.Release|Any CPU.ActiveCfg = Release|Any CPU
		{D70E8FDE-A5A8-418F-BA6B-B94E42F78058}.Release|Any CPU.Build.0 = Release|Any CPU
		{8370A39D-6D4F-4322-8FC3-42694EB73175}.Debug|Any CPU.ActiveCfg = Debug|Any CPU
		{8370A39D-6D4F-4322-8FC3-42694EB73175}.Debug|Any CPU.Build.0 = Debug|Any CPU
		{8370A39D-6D4F-4322-8FC3-42694EB73175}.Release|Any CPU.ActiveCfg = Release|Any CPU
		{8370A39D-6D4F-4322-8FC3-42694EB73175}.Release|Any CPU.Build.0 = Release|Any CPU
		{F3341285-59A3-4E80-80B5-00D51B2DD8DB}.Debug|Any CPU.ActiveCfg = Debug|Any CPU
		{F3341285-59A3-4E80-80B5-00D51B2DD8DB}.Debug|Any CPU.Build.0 = Debug|Any CPU
		{F3341285-59A3-4E80-80B5-00D51B2DD8DB}.Release|Any CPU.ActiveCfg = Release|Any CPU
		{F3341285-59A3-4E80-80B5-00D51B2DD8DB}.Release|Any CPU.Build.0 = Release|Any CPU
		{4E6F8742-77C4-4E42-ABC6-0A9A47A1D646}.Debug|Any CPU.ActiveCfg = Debug|Any CPU
		{4E6F8742-77C4-4E42-ABC6-0A9A47A1D646}.Debug|Any CPU.Build.0 = Debug|Any CPU
		{4E6F8742-77C4-4E42-ABC6-0A9A47A1D646}.Release|Any CPU.ActiveCfg = Release|Any CPU
		{4E6F8742-77C4-4E42-ABC6-0A9A47A1D646}.Release|Any CPU.Build.0 = Release|Any CPU
	EndGlobalSection
	GlobalSection(SolutionProperties) = preSolution
		HideSolutionNode = FALSE
	EndGlobalSection
	GlobalSection(ExtensibilityGlobals) = postSolution
		SolutionGuid = {C8ED7330-E227-4AEC-A53F-A2D4A482832E}
	EndGlobalSection
EndGlobal
